{
  "requires": true,
  "lockfileVersion": 1,
  "dependencies": {
    "gsap": {
      "version": "3.5.1",
      "resolved": "https://registry.npmjs.org/gsap/-/gsap-3.5.1.tgz",
      "integrity": "sha512-EMV0RSUKZNeTUzLKAizGlwxVOUyif3/g8I3S1aA/hf3gbqwBvmQ02x1RdTBQNQMOpHCVBv9y/vaHwfctoAg8zw=="
    },
    "scrollmagic": {
      "version": "2.0.8",
      "resolved": "https://registry.npmjs.org/scrollmagic/-/scrollmagic-2.0.8.tgz",
      "integrity": "sha512-UYXEGBPVLziovXl3FjHGkY9c4UXKUKopIdXwWR2JapWxCo0U345wYegi7rcsv5vHf/ktc1bSNWy4QRFiV+Yccw=="
    }
  }
}
